
Microsoft Visual Studio Solution File, Format Version 12.00
# Visual Studio 15
VisualStudioVersion = 15.0.28307.572
MinimumVisualStudioVersion = 10.0.40219.1
Project("{FAE04EC0-301F-11D3-BF4B-00C04F79EFBC}") = "TodoList", "TodoList\TodoList.csproj", "{96237FEB-6D09-4F3C-863F-4C5917609D93}"
EndProject
Project("{FAE04EC0-301F-11D3-BF4B-00C04F79EFBC}") = "BAL", "BAL\BAL.csproj", "{6BF92274-5520-4896-86D7-8B80B64748D4}"
EndProject
Global
	GlobalSection(SolutionConfigurationPlatforms) = preSolution
		Debug|Any CPU = Debug|Any CPU
		Release|Any CPU = Release|Any CPU
	EndGlobalSection
	GlobalSection(ProjectConfigurationPlatforms) = postSolution
		{96237FEB-6D09-4F3C-863F-4C5917609D93}.Debug|Any CPU.ActiveCfg = Debug|Any CPU
		{96237FEB-6D09-4F3C-863F-4C5917609D93}.Debug|Any CPU.Build.0 = Debug|Any CPU
		{96237FEB-6D09-4F3C-863F-4C5917609D93}.Release|Any CPU.ActiveCfg = Release|Any CPU
		{96237FEB-6D09-4F3C-863F-4C5917609D93}.Release|Any CPU.Build.0 = Release|Any CPU
		{6BF92274-5520-4896-86D7-8B80B64748D4}.Debug|Any CPU.ActiveCfg = Debug|Any CPU
		{6BF92274-5520-4896-86D7-8B80B64748D4}.Debug|Any CPU.Build.0 = Debug|Any CPU
		{6BF92274-5520-4896-86D7-8B80B64748D4}.Release|Any CPU.ActiveCfg = Release|Any CPU
		{6BF92274-5520-4896-86D7-8B80B64748D4}.Release|Any CPU.Build.0 = Release|Any CPU
	EndGlobalSection
	GlobalSection(SolutionProperties) = preSolution
		HideSolutionNode = FALSE
	EndGlobalSection
	GlobalSection(ExtensibilityGlobals) = postSolution
		SolutionGuid = {F7AB9F36-B27B-4BBA-8049-16CA01516D13}
	EndGlobalSection
EndGlobal
